
Microsoft Visual Studio Solution File, Format Version 12.00
# Visual Studio Version 17
VisualStudioVersion = 17.9.34728.123
MinimumVisualStudioVersion = 10.0.40219.1
Project("{FAE04EC0-301F-11D3-BF4B-00C04F79EFBC}") = "MyConsoleApp", "MyConsoleApp.csproj", "{BB7ACAC0-7F56-454F-BCAB-981B735EBFD6}"
EndProject
Project("{FAE04EC0-301F-11D3-BF4B-00C04F79EFBC}") = "MyConsoleApp.Tests", "..\MyConsoleApp.Tests\MyConsoleApp.Tests.csproj", "{B7B8F331-BE04-40DC-AF1B-F46D8BBCF8A9}"
EndProject
Global
	GlobalSection(SolutionConfigurationPlatforms) = preSolution
		Debug|Any CPU = Debug|Any CPU
		Release|Any CPU = Release|Any CPU
	EndGlobalSection
	GlobalSection(ProjectConfigurationPlatforms) = postSolution
		{BB7ACAC0-7F56-454F-BCAB-981B735EBFD6}.Debug|Any CPU.ActiveCfg = Debug|Any CPU
		{BB7ACAC0-7F56-454F-BCAB-981B735EBFD6}.Debug|Any CPU.Build.0 = Debug|Any CPU
		{BB7ACAC0-7F56-454F-BCAB-981B735EBFD6}.Release|Any CPU.ActiveCfg = Release|Any CPU
		{BB7ACAC0-7F56-454F-BCAB-981B735EBFD6}.Release|Any CPU.Build.0 = Release|Any CPU
		{B7B8F331-BE04-40DC-AF1B-F46D8BBCF8A9}.Debug|Any CPU.ActiveCfg = Debug|Any CPU
		{B7B8F331-BE04-40DC-AF1B-F46D8BBCF8A9}.Debug|Any CPU.Build.0 = Debug|Any CPU
		{B7B8F331-BE04-40DC-AF1B-F46D8BBCF8A9}.Release|Any CPU.ActiveCfg = Release|Any CPU
		{B7B8F331-BE04-40DC-AF1B-F46D8BBCF8A9}.Release|Any CPU.Build.0 = Release|Any CPU
	EndGlobalSection
	GlobalSection(SolutionProperties) = preSolution
		HideSolutionNode = FALSE
	EndGlobalSection
	GlobalSection(ExtensibilityGlobals) = postSolution
		SolutionGuid = {98BEC9A9-AFEB-438C-BEE1-40271CA12CC8}
	EndGlobalSection
EndGlobal
